
Microsoft Visual Studio Solution File, Format Version 12.00
# Visual Studio Version 17
VisualStudioVersion = 17.1.32414.318
MinimumVisualStudioVersion = 10.0.40219.1
Project("{9A19103F-16F7-4668-BE54-9A1E7A4F7556}") = "OpenMetaverse", "OpenMetaverse\OpenMetaverse.csproj", "{8B693884-0000-0000-0000-000000000000}"
EndProject
Project("{9A19103F-16F7-4668-BE54-9A1E7A4F7556}") = "OpenMetaverse.GUI", "OpenMetaverse.GUI\OpenMetaverse.GUI.csproj", "{45775693-0000-0000-0000-000000000000}"
EndProject
Project("{9A19103F-16F7-4668-BE54-9A1E7A4F7556}") = "OpenMetaverse.Rendering.Meshmerizer", "OpenMetaverse.Rendering.Meshmerizer\OpenMetaverse.Rendering.Meshmerizer.csproj", "{78D8D919-0000-0000-0000-000000000000}"
EndProject
Project("{9A19103F-16F7-4668-BE54-9A1E7A4F7556}") = "OpenMetaverse.Rendering.Simple", "OpenMetaverse.Rendering.Simple\OpenMetaverse.Rendering.Simple.csproj", "{90239C9A-0000-0000-0000-000000000000}"
EndProject
Project("{9A19103F-16F7-4668-BE54-9A1E7A4F7556}") = "OpenMetaverse.StructuredData", "OpenMetaverse.StructuredData\OpenMetaverse.StructuredData.csproj", "{C2C78869-0000-0000-0000-000000000000}"
EndProject
Project("{9A19103F-16F7-4668-BE54-9A1E7A4F7556}") = "OpenMetaverse.Tests", "OpenMetaverse.Tests\OpenMetaverse.Tests.csproj", "{ACA2A731-0000-0000-0000-000000000000}"
EndProject
Project("{9A19103F-16F7-4668-BE54-9A1E7A4F7556}") = "OpenMetaverse.Utilities", "OpenMetaverse.Utilities\OpenMetaverse.Utilities.csproj", "{E7CDAD5E-0000-0000-0000-000000000000}"
EndProject
Project("{9A19103F-16F7-4668-BE54-9A1E7A4F7556}") = "OpenMetaverse.Types", "OpenMetaverse.Types\OpenMetaverse.Types.csproj", "{6C8DAE41-0000-0000-0000-000000000000}"
EndProject
Project("{2150E333-8FDC-42A3-9474-1A3956D46DE8}") = "Solution Items", "Solution Items", "{49AFD80D-D399-43FC-A9EE-9F15BC6D49E7}"
	ProjectSection(SolutionItems) = preProject
		README.md = README.md
	EndProjectSection
EndProject
Global
	GlobalSection(SolutionConfigurationPlatforms) = preSolution
		Debug|Any CPU = Debug|Any CPU
		Release|Any CPU = Release|Any CPU
	EndGlobalSection
	GlobalSection(ProjectConfigurationPlatforms) = postSolution
		{8B693884-0000-0000-0000-000000000000}.Debug|Any CPU.ActiveCfg = Debug|Any CPU
		{8B693884-0000-0000-0000-000000000000}.Debug|Any CPU.Build.0 = Debug|Any CPU
		{8B693884-0000-0000-0000-000000000000}.Release|Any CPU.ActiveCfg = Release|Any CPU
		{8B693884-0000-0000-0000-000000000000}.Release|Any CPU.Build.0 = Release|Any CPU
		{45775693-0000-0000-0000-000000000000}.Debug|Any CPU.ActiveCfg = Debug|Any CPU
		{45775693-0000-0000-0000-000000000000}.Debug|Any CPU.Build.0 = Debug|Any CPU
		{45775693-0000-0000-0000-000000000000}.Release|Any CPU.ActiveCfg = Release|Any CPU
		{45775693-0000-0000-0000-000000000000}.Release|Any CPU.Build.0 = Release|Any CPU
		{78D8D919-0000-0000-0000-000000000000}.Debug|Any CPU.ActiveCfg = Debug|Any CPU
		{78D8D919-0000-0000-0000-000000000000}.Debug|Any CPU.Build.0 = Debug|Any CPU
		{78D8D919-0000-0000-0000-000000000000}.Release|Any CPU.ActiveCfg = Release|Any CPU
		{78D8D919-0000-0000-0000-000000000000}.Release|Any CPU.Build.0 = Release|Any CPU
		{90239C9A-0000-0000-0000-000000000000}.Debug|Any CPU.ActiveCfg = Debug|Any CPU
		{90239C9A-0000-0000-0000-000000000000}.Debug|Any CPU.Build.0 = Debug|Any CPU
		{90239C9A-0000-0000-0000-000000000000}.Release|Any CPU.ActiveCfg = Release|Any CPU
		{90239C9A-0000-0000-0000-000000000000}.Release|Any CPU.Build.0 = Release|Any CPU
		{C2C78869-0000-0000-0000-000000000000}.Debug|Any CPU.ActiveCfg = Debug|Any CPU
		{C2C78869-0000-0000-0000-000000000000}.Debug|Any CPU.Build.0 = Debug|Any CPU
		{C2C78869-0000-0000-0000-000000000000}.Release|Any CPU.ActiveCfg = Release|Any CPU
		{C2C78869-0000-0000-0000-000000000000}.Release|Any CPU.Build.0 = Release|Any CPU
		{ACA2A731-0000-0000-0000-000000000000}.Debug|Any CPU.ActiveCfg = Debug|Any CPU
		{ACA2A731-0000-0000-0000-000000000000}.Debug|Any CPU.Build.0 = Debug|Any CPU
		{ACA2A731-0000-0000-0000-000000000000}.Release|Any CPU.ActiveCfg = Release|Any CPU
		{ACA2A731-0000-0000-0000-000000000000}.Release|Any CPU.Build.0 = Release|Any CPU
		{E7CDAD5E-0000-0000-0000-000000000000}.Debug|Any CPU.ActiveCfg = Debug|Any CPU
		{E7CDAD5E-0000-0000-0000-000000000000}.Debug|Any CPU.Build.0 = Debug|Any CPU
		{E7CDAD5E-0000-0000-0000-000000000000}.Release|Any CPU.ActiveCfg = Release|Any CPU
		{E7CDAD5E-0000-0000-0000-000000000000}.Release|Any CPU.Build.0 = Release|Any CPU
		{6C8DAE41-0000-0000-0000-000000000000}.Debug|Any CPU.ActiveCfg = Debug|Any CPU
		{6C8DAE41-0000-0000-0000-000000000000}.Debug|Any CPU.Build.0 = Debug|Any CPU
		{6C8DAE41-0000-0000-0000-000000000000}.Release|Any CPU.ActiveCfg = Release|Any CPU
		{6C8DAE41-0000-0000-0000-000000000000}.Release|Any CPU.Build.0 = Release|Any CPU
	EndGlobalSection
	GlobalSection(SolutionProperties) = preSolution
		HideSolutionNode = FALSE
	EndGlobalSection
	GlobalSection(ExtensibilityGlobals) = postSolution
		SolutionGuid = {A33FED53-2549-43BE-8B74-6CB3A81E8EA6}
	EndGlobalSection
EndGlobal
